
Microsoft Visual Studio Solution File, Format Version 11.00
# Visual Studio 2010
Project("{FAE04EC0-301F-11D3-BF4B-00C04F79EFBC}") = "Assembly-CSharp", "Assembly-CSharp.csproj", "{2901E7D6-7EA8-F581-6544-05EA0B0DC75E}"
EndProject
Project("{FAE04EC0-301F-11D3-BF4B-00C04F79EFBC}") = "Assembly-CSharp-firstpass", "Assembly-CSharp-firstpass.csproj", "{A8544611-92FB-6513-BD86-8B66D7751809}"
EndProject
Project("{FAE04EC0-301F-11D3-BF4B-00C04F79EFBC}") = "Assembly-CSharp-Editor", "Assembly-CSharp-Editor.csproj", "{3F216E79-9A96-906E-3E1E-1D44474124E1}"
EndProject
Global
	GlobalSection(SolutionConfigurationPlatforms) = preSolution
		Debug|Any CPU = Debug|Any CPU
		Release|Any CPU = Release|Any CPU
	EndGlobalSection
	GlobalSection(ProjectConfigurationPlatforms) = postSolution
		{2901E7D6-7EA8-F581-6544-05EA0B0DC75E}.Debug|Any CPU.ActiveCfg = Debug|Any CPU
		{2901E7D6-7EA8-F581-6544-05EA0B0DC75E}.Debug|Any CPU.Build.0 = Debug|Any CPU
		{2901E7D6-7EA8-F581-6544-05EA0B0DC75E}.Release|Any CPU.ActiveCfg = Release|Any CPU
		{2901E7D6-7EA8-F581-6544-05EA0B0DC75E}.Release|Any CPU.Build.0 = Release|Any CPU
		{A8544611-92FB-6513-BD86-8B66D7751809}.Debug|Any CPU.ActiveCfg = Debug|Any CPU
		{A8544611-92FB-6513-BD86-8B66D7751809}.Debug|Any CPU.Build.0 = Debug|Any CPU
		{A8544611-92FB-6513-BD86-8B66D7751809}.Release|Any CPU.ActiveCfg = Release|Any CPU
		{A8544611-92FB-6513-BD86-8B66D7751809}.Release|Any CPU.Build.0 = Release|Any CPU
		{3F216E79-9A96-906E-3E1E-1D44474124E1}.Debug|Any CPU.ActiveCfg = Debug|Any CPU
		{3F216E79-9A96-906E-3E1E-1D44474124E1}.Debug|Any CPU.Build.0 = Debug|Any CPU
		{3F216E79-9A96-906E-3E1E-1D44474124E1}.Release|Any CPU.ActiveCfg = Release|Any CPU
		{3F216E79-9A96-906E-3E1E-1D44474124E1}.Release|Any CPU.Build.0 = Release|Any CPU
	EndGlobalSection
	GlobalSection(SolutionProperties) = preSolution
		HideSolutionNode = FALSE
	EndGlobalSection
	GlobalSection(MonoDevelopProperties) = preSolution
		StartupItem = Assembly-CSharp.csproj
	EndGlobalSection
EndGlobal
